// !$*UTF8*$!
{
	archiveVersion = 1;
	classes = {
	};
	objectVersion = 46;
	objects = {

/* Begin PBXBuildFile section */
		6D850F221BDC614400A161EB /* UserSettingsViewController.swift in Sources */ = {isa = PBXBuildFile; fileRef = 6D850F211BDC614400A161EB /* UserSettingsViewController.swift */; };
		6D850F241BDC622F00A161EB /* UIControl+LayerCustoms.swift in Sources */ = {isa = PBXBuildFile; fileRef = 6D850F231BDC622F00A161EB /* UIControl+LayerCustoms.swift */; };
		6D850F261BDC63F100A161EB /* UsersService.swift in Sources */ = {isa = PBXBuildFile; fileRef = 6D850F251BDC63F100A161EB /* UsersService.swift */; };
		6D850F2A1BDC647200A161EB /* User.swift in Sources */ = {isa = PBXBuildFile; fileRef = 6D850F291BDC647200A161EB /* User.swift */; };
		6D850F301BDC77BF00A161EB /* FileCacheService.swift in Sources */ = {isa = PBXBuildFile; fileRef = 6D850F2F1BDC77BF00A161EB /* FileCacheService.swift */; };
		6D850F331BDC7E6000A161EB /* ThumbnailPickerService.swift in Sources */ = {isa = PBXBuildFile; fileRef = 6D850F321BDC7E6000A161EB /* ThumbnailPickerService.swift */; };
		6DBCD9781BDB77E100D01613 /* AppDelegate.swift in Sources */ = {isa = PBXBuildFile; fileRef = 6DBCD9771BDB77E100D01613 /* AppDelegate.swift */; };
		6DBCD97A1BDB77E100D01613 /* ViewController.swift in Sources */ = {isa = PBXBuildFile; fileRef = 6DBCD9791BDB77E100D01613 /* ViewController.swift */; };
		6DBCD97D1BDB77E100D01613 /* Main.storyboard in Resources */ = {isa = PBXBuildFile; fileRef = 6DBCD97B1BDB77E100D01613 /* Main.storyboard */; };
		6DBCD97F1BDB77E100D01613 /* Assets.xcassets in Resources */ = {isa = PBXBuildFile; fileRef = 6DBCD97E1BDB77E100D01613 /* Assets.xcassets */; };
		6DBCD9821BDB77E100D01613 /* LaunchScreen.storyboard in Resources */ = {isa = PBXBuildFile; fileRef = 6DBCD9801BDB77E100D01613 /* LaunchScreen.storyboard */; };
		6DBCD98B1BDB785C00D01613 /* CloudKit.framework in Frameworks */ = {isa = PBXBuildFile; fileRef = 6DBCD98A1BDB785C00D01613 /* CloudKit.framework */; };
/* End PBXBuildFile section */

/* Begin PBXFileReference section */
		6D850F211BDC614400A161EB /* UserSettingsViewController.swift */ = {isa = PBXFileReference; fileEncoding = 4; lastKnownFileType = sourcecode.swift; path = UserSettingsViewController.swift; sourceTree = "<group>"; };
		6D850F231BDC622F00A161EB /* UIControl+LayerCustoms.swift */ = {isa = PBXFileReference; fileEncoding = 4; lastKnownFileType = sourcecode.swift; path = "UIControl+LayerCustoms.swift"; sourceTree = "<group>"; };
		6D850F251BDC63F100A161EB /* UsersService.swift */ = {isa = PBXFileReference; fileEncoding = 4; lastKnownFileType = sourcecode.swift; path = UsersService.swift; sourceTree = "<group>"; };
		6D850F291BDC647200A161EB /* User.swift */ = {isa = PBXFileReference; fileEncoding = 4; lastKnownFileType = sourcecode.swift; path = User.swift; sourceTree = "<group>"; };
		6D850F2F1BDC77BF00A161EB /* FileCacheService.swift */ = {isa = PBXFileReference; fileEncoding = 4; lastKnownFileType = sourcecode.swift; path = FileCacheService.swift; sourceTree = "<group>"; };
		6D850F321BDC7E6000A161EB /* ThumbnailPickerService.swift */ = {isa = PBXFileReference; fileEncoding = 4; lastKnownFileType = sourcecode.swift; path = ThumbnailPickerService.swift; sourceTree = "<group>"; };
		6DBCD9741BDB77E100D01613 /* Goatstagram.app */ = {isa = PBXFileReference; explicitFileType = wrapper.application; includeInIndex = 0; path = Goatstagram.app; sourceTree = BUILT_PRODUCTS_DIR; };
		6DBCD9771BDB77E100D01613 /* AppDelegate.swift */ = {isa = PBXFileReference; lastKnownFileType = sourcecode.swift; path = AppDelegate.swift; sourceTree = "<group>"; };
		6DBCD9791BDB77E100D01613 /* ViewController.swift */ = {isa = PBXFileReference; lastKnownFileType = sourcecode.swift; path = ViewController.swift; sourceTree = "<group>"; };
		6DBCD97C1BDB77E100D01613 /* Base */ = {isa = PBXFileReference; lastKnownFileType = file.storyboard; name = Base; path = Base.lproj/Main.storyboard; sourceTree = "<group>"; };
		6DBCD97E1BDB77E100D01613 /* Assets.xcassets */ = {isa = PBXFileReference; lastKnownFileType = folder.assetcatalog; path = Assets.xcassets; sourceTree = "<group>"; };
		6DBCD9811BDB77E100D01613 /* Base */ = {isa = PBXFileReference; lastKnownFileType = file.storyboard; name = Base; path = Base.lproj/LaunchScreen.storyboard; sourceTree = "<group>"; };
		6DBCD9831BDB77E100D01613 /* Info.plist */ = {isa = PBXFileReference; lastKnownFileType = text.plist.xml; path = Info.plist; sourceTree = "<group>"; };
		6DBCD9891BDB785800D01613 /* Goatstagram.entitlements */ = {isa = PBXFileReference; lastKnownFileType = text.xml; path = Goatstagram.entitlements; sourceTree = "<group>"; };
		6DBCD98A1BDB785C00D01613 /* CloudKit.framework */ = {isa = PBXFileReference; lastKnownFileType = wrapper.framework; name = CloudKit.framework; path = System/Library/Frameworks/CloudKit.framework; sourceTree = SDKROOT; };
/* End PBXFileReference section */

/* Begin PBXFrameworksBuildPhase section */
		6DBCD9711BDB77E100D01613 /* Frameworks */ = {
			isa = PBXFrameworksBuildPhase;
			buildActionMask = 2147483647;
			files = (
				6DBCD98B1BDB785C00D01613 /* CloudKit.framework in Frameworks */,
			);
			runOnlyForDeploymentPostprocessing = 0;
		};
/* End PBXFrameworksBuildPhase section */

/* Begin PBXGroup section */
		6D850F271BDC645000A161EB /* CloudKit Services */ = {
			isa = PBXGroup;
			children = (
				6D850F251BDC63F100A161EB /* UsersService.swift */,
			);
			name = "CloudKit Services";
			sourceTree = "<group>";
		};
		6D850F281BDC645800A161EB /* Local Model */ = {
			isa = PBXGroup;
			children = (
				6D850F291BDC647200A161EB /* User.swift */,
			);
			name = "Local Model";
			sourceTree = "<group>";
		};
		6D850F2B1BDC671100A161EB /* View Controllers */ = {
			isa = PBXGroup;
			children = (
				6DBCD9791BDB77E100D01613 /* ViewController.swift */,
				6D850F211BDC614400A161EB /* UserSettingsViewController.swift */,
			);
			name = "View Controllers";
			sourceTree = "<group>";
		};
		6D850F2D1BDC672800A161EB /* Categories */ = {
			isa = PBXGroup;
			children = (
				6D850F231BDC622F00A161EB /* UIControl+LayerCustoms.swift */,
			);
			name = Categories;
			sourceTree = "<group>";
		};
		6D850F311BDC7E2F00A161EB /* Services */ = {
			isa = PBXGroup;
			children = (
				6D850F2F1BDC77BF00A161EB /* FileCacheService.swift */,
				6D850F321BDC7E6000A161EB /* ThumbnailPickerService.swift */,
			);
			name = Services;
			sourceTree = "<group>";
		};
		6DBCD96B1BDB77E100D01613 = {
			isa = PBXGroup;
			children = (
				6DBCD98A1BDB785C00D01613 /* CloudKit.framework */,
				6DBCD9761BDB77E100D01613 /* Goatstagram */,
				6DBCD9751BDB77E100D01613 /* Products */,
			);
			sourceTree = "<group>";
		};
		6DBCD9751BDB77E100D01613 /* Products */ = {
			isa = PBXGroup;
			children = (
				6DBCD9741BDB77E100D01613 /* Goatstagram.app */,
			);
			name = Products;
			sourceTree = "<group>";
		};
		6DBCD9761BDB77E100D01613 /* Goatstagram */ = {
			isa = PBXGroup;
			children = (
				6DBCD9771BDB77E100D01613 /* AppDelegate.swift */,
				6D850F2D1BDC672800A161EB /* Categories */,
				6D850F271BDC645000A161EB /* CloudKit Services */,
				6D850F281BDC645800A161EB /* Local Model */,
				6D850F311BDC7E2F00A161EB /* Services */,
				6D850F2B1BDC671100A161EB /* View Controllers */,
				6DBCD9891BDB785800D01613 /* Goatstagram.entitlements */,
				6DBCD97B1BDB77E100D01613 /* Main.storyboard */,
				6DBCD97E1BDB77E100D01613 /* Assets.xcassets */,
				6DBCD9801BDB77E100D01613 /* LaunchScreen.storyboard */,
				6DBCD9831BDB77E100D01613 /* Info.plist */,
			);
			path = Goatstagram;
			sourceTree = "<group>";
		};
/* End PBXGroup section */

/* Begin PBXNativeTarget section */
		6DBCD9731BDB77E100D01613 /* Goatstagram */ = {
			isa = PBXNativeTarget;
			buildConfigurationList = 6DBCD9861BDB77E100D01613 /* Build configuration list for PBXNativeTarget "Goatstagram" */;
			buildPhases = (
				6DBCD9701BDB77E100D01613 /* Sources */,
				6DBCD9711BDB77E100D01613 /* Frameworks */,
				6DBCD9721BDB77E100D01613 /* Resources */,
			);
			buildRules = (
			);
			dependencies = (
			);
			name = Goatstagram;
			productName = Goatstagram;
			productReference = 6DBCD9741BDB77E100D01613 /* Goatstagram.app */;
			productType = "com.apple.product-type.application";
		};
/* End PBXNativeTarget section */

/* Begin PBXProject section */
		6DBCD96C1BDB77E100D01613 /* Project object */ = {
			isa = PBXProject;
			attributes = {
				LastSwiftUpdateCheck = 0710;
				LastUpgradeCheck = 0710;
				ORGANIZATIONNAME = "Tomasz Szulc";
				TargetAttributes = {
					6DBCD9731BDB77E100D01613 = {
						CreatedOnToolsVersion = 7.1;
						DevelopmentTeam = 7HTJY423B9;
						SystemCapabilities = {
							com.apple.iCloud = {
								enabled = 1;
							};
						};
					};
				};
			};
			buildConfigurationList = 6DBCD96F1BDB77E100D01613 /* Build configuration list for PBXProject "Goatstagram" */;
			compatibilityVersion = "Xcode 3.2";
			developmentRegion = English;
			hasScannedForEncodings = 0;
			knownRegions = (
				en,
				Base,
			);
			mainGroup = 6DBCD96B1BDB77E100D01613;
			productRefGroup = 6DBCD9751BDB77E100D01613 /* Products */;
			projectDirPath = "";
			projectRoot = "";
			targets = (
				6DBCD9731BDB77E100D01613 /* Goatstagram */,
			);
		};
/* End PBXProject section */

/* Begin PBXResourcesBuildPhase section */
		6DBCD9721BDB77E100D01613 /* Resources */ = {
			isa = PBXResourcesBuildPhase;
			buildActionMask = 2147483647;
			files = (
				6DBCD9821BDB77E100D01613 /* LaunchScreen.storyboard in Resources */,
				6DBCD97F1BDB77E100D01613 /* Assets.xcassets in Resources */,
				6DBCD97D1BDB77E100D01613 /* Main.storyboard in Resources */,
			);
			runOnlyForDeploymentPostprocessing = 0;
		};
/* End PBXResourcesBuildPhase section */

/* Begin PBXSourcesBuildPhase section */
		6DBCD9701BDB77E100D01613 /* Sources */ = {
			isa = PBXSourcesBuildPhase;
			buildActionMask = 2147483647;
			files = (
				6D850F241BDC622F00A161EB /* UIControl+LayerCustoms.swift in Sources */,
				6D850F261BDC63F100A161EB /* UsersService.swift in Sources */,
				6D850F331BDC7E6000A161EB /* ThumbnailPickerService.swift in Sources */,
				6D850F301BDC77BF00A161EB /* FileCacheService.swift in Sources */,
				6D850F2A1BDC647200A161EB /* User.swift in Sources */,
				6DBCD97A1BDB77E100D01613 /* ViewController.swift in Sources */,
				6D850F221BDC614400A161EB /* UserSettingsViewController.swift in Sources */,
				6DBCD9781BDB77E100D01613 /* AppDelegate.swift in Sources */,
			);
			runOnlyForDeploymentPostprocessing = 0;
		};
/* End PBXSourcesBuildPhase section */

/* Begin PBXVariantGroup section */
		6DBCD97B1BDB77E100D01613 /* Main.storyboard */ = {
			isa = PBXVariantGroup;
			children = (
				6DBCD97C1BDB77E100D01613 /* Base */,
			);
			name = Main.storyboard;
			sourceTree = "<group>";
		};
		6DBCD9801BDB77E100D01613 /* LaunchScreen.storyboard */ = {
			isa = PBXVariantGroup;
			children = (
				6DBCD9811BDB77E100D01613 /* Base */,
			);
			name = LaunchScreen.storyboard;
			sourceTree = "<group>";
		};
/* End PBXVariantGroup section */

/* Begin XCBuildConfiguration section */
		6DBCD9841BDB77E100D01613 /* Debug */ = {
			isa = XCBuildConfiguration;
			buildSettings = {
				ALWAYS_SEARCH_USER_PATHS = NO;
				CLANG_CXX_LANGUAGE_STANDARD = "gnu++0x";
				CLANG_CXX_LIBRARY = "libc++";
				CLANG_ENABLE_MODULES = YES;
				CLANG_ENABLE_OBJC_ARC = YES;
				CLANG_WARN_BOOL_CONVERSION = YES;
				CLANG_WARN_CONSTANT_CONVERSION = YES;
				CLANG_WARN_DIRECT_OBJC_ISA_USAGE = YES_ERROR;
				CLANG_WARN_EMPTY_BODY = YES;
				CLANG_WARN_ENUM_CONVERSION = YES;
				CLANG_WARN_INT_CONVERSION = YES;
				CLANG_WARN_OBJC_ROOT_CLASS = YES_ERROR;
				CLANG_WARN_UNREACHABLE_CODE = YES;
				CLANG_WARN__DUPLICATE_METHOD_MATCH = YES;
				"CODE_SIGN_IDENTITY[sdk=iphoneos*]" = "iPhone Developer";
				COPY_PHASE_STRIP = NO;
				DEBUG_INFORMATION_FORMAT = dwarf;
				ENABLE_STRICT_OBJC_MSGSEND = YES;
				ENABLE_TESTABILITY = YES;
				GCC_C_LANGUAGE_STANDARD = gnu99;
				GCC_DYNAMIC_NO_PIC = NO;
				GCC_NO_COMMON_BLOCKS = YES;
				GCC_OPTIMIZATION_LEVEL = 0;
				GCC_PREPROCESSOR_DEFINITIONS = (
					"DEBUG=1",
					"$(inherited)",
				);
				GCC_WARN_64_TO_32_BIT_CONVERSION = YES;
				GCC_WARN_ABOUT_RETURN_TYPE = YES_ERROR;
				GCC_WARN_UNDECLARED_SELECTOR = YES;
				GCC_WARN_UNINITIALIZED_AUTOS = YES_AGGRESSIVE;
				GCC_WARN_UNUSED_FUNCTION = YES;
				GCC_WARN_UNUSED_VARIABLE = YES;
				IPHONEOS_DEPLOYMENT_TARGET = 9.1;
				MTL_ENABLE_DEBUG_INFO = YES;
				ONLY_ACTIVE_ARCH = YES;
				SDKROOT = iphoneos;
				SWIFT_OPTIMIZATION_LEVEL = "-Onone";
			};
			name = Debug;
		};
		6DBCD9851BDB77E100D01613 /* Release */ = {
			isa = XCBuildConfiguration;
			buildSettings = {
				ALWAYS_SEARCH_USER_PATHS = NO;
				CLANG_CXX_LANGUAGE_STANDARD = "gnu++0x";
				CLANG_CXX_LIBRARY = "libc++";
				CLANG_ENABLE_MODULES = YES;
				CLANG_ENABLE_OBJC_ARC = YES;
				CLANG_WARN_BOOL_CONVERSION = YES;
				CLANG_WARN_CONSTANT_CONVERSION = YES;
				CLANG_WARN_DIRECT_OBJC_ISA_USAGE = YES_ERROR;
				CLANG_WARN_EMPTY_BODY = YES;
				CLANG_WARN_ENUM_CONVERSION = YES;
				CLANG_WARN_INT_CONVERSION = YES;
				CLANG_WARN_OBJC_ROOT_CLASS = YES_ERROR;
				CLANG_WARN_UNREACHABLE_CODE = YES;
				CLANG_WARN__DUPLICATE_METHOD_MATCH = YES;
				"CODE_SIGN_IDENTITY[sdk=iphoneos*]" = "iPhone Developer";
				COPY_PHASE_STRIP = NO;
				DEBUG_INFORMATION_FORMAT = "dwarf-with-dsym";
				ENABLE_NS_ASSERTIONS = NO;
				ENABLE_STRICT_OBJC_MSGSEND = YES;
				GCC_C_LANGUAGE_STANDARD = gnu99;
				GCC_NO_COMMON_BLOCKS = YES;
				GCC_WARN_64_TO_32_BIT_CONVERSION = YES;
				GCC_WARN_ABOUT_RETURN_TYPE = YES_ERROR;
				GCC_WARN_UNDECLARED_SELECTOR = YES;
				GCC_WARN_UNINITIALIZED_AUTOS = YES_AGGRESSIVE;
				GCC_WARN_UNUSED_FUNCTION = YES;
				GCC_WARN_UNUSED_VARIABLE = YES;
				IPHONEOS_DEPLOYMENT_TARGET = 9.1;
				MTL_ENABLE_DEBUG_INFO = NO;
				SDKROOT = iphoneos;
				VALIDATE_PRODUCT = YES;
			};
			name = Release;
		};
		6DBCD9871BDB77E100D01613 /* Debug */ = {
			isa = XCBuildConfiguration;
			buildSettings = {
				ASSETCATALOG_COMPILER_APPICON_NAME = AppIcon;
				CODE_SIGN_ENTITLEMENTS = Goatstagram/Goatstagram.entitlements;
				CODE_SIGN_IDENTITY = "iPhone Developer";
				"CODE_SIGN_IDENTITY[sdk=iphoneos*]" = "iPhone Developer";
				INFOPLIST_FILE = Goatstagram/Info.plist;
				LD_RUNPATH_SEARCH_PATHS = "$(inherited) @executable_path/Frameworks";
				PRODUCT_BUNDLE_IDENTIFIER = com.tomaszszulc.Goatstagram;
				PRODUCT_NAME = "$(TARGET_NAME)";
				PROVISIONING_PROFILE = "";
			};
			name = Debug;
		};
		6DBCD9881BDB77E100D01613 /* Release */ = {
			isa = XCBuildConfiguration;
			buildSettings = {
				ASSETCATALOG_COMPILER_APPICON_NAME = AppIcon;
				CODE_SIGN_ENTITLEMENTS = Goatstagram/Goatstagram.entitlements;
				CODE_SIGN_IDENTITY = "iPhone Developer";
				"CODE_SIGN_IDENTITY[sdk=iphoneos*]" = "iPhone Developer";
				INFOPLIST_FILE = Goatstagram/Info.plist;
				LD_RUNPATH_SEARCH_PATHS = "$(inherited) @executable_path/Frameworks";
				PRODUCT_BUNDLE_IDENTIFIER = com.tomaszszulc.Goatstagram;
				PRODUCT_NAME = "$(TARGET_NAME)";
				PROVISIONING_PROFILE = "";
			};
			name = Release;
		};
/* End XCBuildConfiguration section */

/* Begin XCConfigurationList section */
		6DBCD96F1BDB77E100D01613 /* Build configuration list for PBXProject "Goatstagram" */ = {
			isa = XCConfigurationList;
			buildConfigurations = (
				6DBCD9841BDB77E100D01613 /* Debug */,
				6DBCD9851BDB77E100D01613 /* Release */,
			);
			defaultConfigurationIsVisible = 0;
			defaultConfigurationName = Release;
		};
		6DBCD9861BDB77E100D01613 /* Build configuration list for PBXNativeTarget "Goatstagram" */ = {
			isa = XCConfigurationList;
			buildConfigurations = (
				6DBCD9871BDB77E100D01613 /* Debug */,
				6DBCD9881BDB77E100D01613 /* Release */,
			);
			defaultConfigurationIsVisible = 0;
			defaultConfigurationName = Release;
		};
/* End XCConfigurationList section */
	};
	rootObject = 6DBCD96C1BDB77E100D01613 /* Project object */;
}
